
Microsoft Visual Studio Solution File, Format Version 12.00
# Visual Studio Version 16
VisualStudioVersion = 16.0.31729.503
MinimumVisualStudioVersion = 10.0.40219.1
Project("{FAE04EC0-301F-11D3-BF4B-00C04F79EFBC}") = "TaskPST", "TaskPST\TaskPST.csproj", "{72CA3C40-5801-4E1C-AD26-CB3E920F8D1E}"
EndProject
Global
	GlobalSection(SolutionConfigurationPlatforms) = preSolution
		Debug|Any CPU = Debug|Any CPU
		Release|Any CPU = Release|Any CPU
	EndGlobalSection
	GlobalSection(ProjectConfigurationPlatforms) = postSolution
		{72CA3C40-5801-4E1C-AD26-CB3E920F8D1E}.Debug|Any CPU.ActiveCfg = Debug|Any CPU
		{72CA3C40-5801-4E1C-AD26-CB3E920F8D1E}.Debug|Any CPU.Build.0 = Debug|Any CPU
		{72CA3C40-5801-4E1C-AD26-CB3E920F8D1E}.Release|Any CPU.ActiveCfg = Release|Any CPU
		{72CA3C40-5801-4E1C-AD26-CB3E920F8D1E}.Release|Any CPU.Build.0 = Release|Any CPU
	EndGlobalSection
	GlobalSection(SolutionProperties) = preSolution
		HideSolutionNode = FALSE
	EndGlobalSection
	GlobalSection(ExtensibilityGlobals) = postSolution
		SolutionGuid = {444887F0-B4DD-4FA8-B392-88A9A5643CC0}
	EndGlobalSection
EndGlobal
